
Microsoft Visual Studio Solution File, Format Version 12.00
# Visual Studio Version 17
VisualStudioVersion = 17.14.36212.18 d17.14
MinimumVisualStudioVersion = 10.0.40219.1
Project("{FAE04EC0-301F-11D3-BF4B-00C04F79EFBC}") = "prakt15", "prakt15\prakt15.csproj", "{89A76D96-6729-42F6-85B5-F514CC9E608E}"
EndProject
Global
	GlobalSection(SolutionConfigurationPlatforms) = preSolution
		Debug|Any CPU = Debug|Any CPU
		Release|Any CPU = Release|Any CPU
	EndGlobalSection
	GlobalSection(ProjectConfigurationPlatforms) = postSolution
		{89A76D96-6729-42F6-85B5-F514CC9E608E}.Debug|Any CPU.ActiveCfg = Debug|Any CPU
		{89A76D96-6729-42F6-85B5-F514CC9E608E}.Debug|Any CPU.Build.0 = Debug|Any CPU
		{89A76D96-6729-42F6-85B5-F514CC9E608E}.Release|Any CPU.ActiveCfg = Release|Any CPU
		{89A76D96-6729-42F6-85B5-F514CC9E608E}.Release|Any CPU.Build.0 = Release|Any CPU
	EndGlobalSection
	GlobalSection(SolutionProperties) = preSolution
		HideSolutionNode = FALSE
	EndGlobalSection
	GlobalSection(ExtensibilityGlobals) = postSolution
		SolutionGuid = {B5130CC9-F40B-4BF4-9D1B-D272E86EA348}
	EndGlobalSection
EndGlobal
