
Microsoft Visual Studio Solution File, Format Version 12.00
# Visual Studio Version 17
VisualStudioVersion = 17.14.36212.18 d17.14
MinimumVisualStudioVersion = 10.0.40219.1
Project("{FAE04EC0-301F-11D3-BF4B-00C04F79EFBC}") = "KuznetsovAleksandr_Pr-33_Zd4", "KuznetsovAleksandr_Pr-33_Zd4\KuznetsovAleksandr_Pr-33_Zd4.csproj", "{EDB7626D-33C7-4CD3-AFC0-777D72C34390}"
EndProject
Global
	GlobalSection(SolutionConfigurationPlatforms) = preSolution
		Debug|Any CPU = Debug|Any CPU
		Release|Any CPU = Release|Any CPU
	EndGlobalSection
	GlobalSection(ProjectConfigurationPlatforms) = postSolution
		{EDB7626D-33C7-4CD3-AFC0-777D72C34390}.Debug|Any CPU.ActiveCfg = Debug|Any CPU
		{EDB7626D-33C7-4CD3-AFC0-777D72C34390}.Debug|Any CPU.Build.0 = Debug|Any CPU
		{EDB7626D-33C7-4CD3-AFC0-777D72C34390}.Release|Any CPU.ActiveCfg = Release|Any CPU
		{EDB7626D-33C7-4CD3-AFC0-777D72C34390}.Release|Any CPU.Build.0 = Release|Any CPU
	EndGlobalSection
	GlobalSection(SolutionProperties) = preSolution
		HideSolutionNode = FALSE
	EndGlobalSection
	GlobalSection(ExtensibilityGlobals) = postSolution
		SolutionGuid = {FF733A69-15A2-45CD-B362-6761C2370E20}
	EndGlobalSection
EndGlobal
